
Microsoft Visual Studio Solution File, Format Version 12.00
# Visual Studio 14
VisualStudioVersion = 14.0.25123.0
MinimumVisualStudioVersion = 10.0.40219.1
Project("{FAE04EC0-301F-11D3-BF4B-00C04F79EFBC}") = "WarApi.WoTCSharpDriver", "WoTCSharpDriver\WarApi.WoTCSharpDriver.csproj", "{50848325-2973-4AC3-82AA-B47215E0C466}"
EndProject
Project("{FAE04EC0-301F-11D3-BF4B-00C04F79EFBC}") = "UnitTests", "UnitTests\UnitTests.csproj", "{DF16F4BB-6B77-41C3-A236-19CC0ED9D8BA}"
EndProject
Project("{FAE04EC0-301F-11D3-BF4B-00C04F79EFBC}") = "WarApi.Utilities", "Utilities\WarApi.Utilities.csproj", "{9A4FFB87-B8D2-467E-9FC7-CF86F34BC3F6}"
EndProject
Project("{FAE04EC0-301F-11D3-BF4B-00C04F79EFBC}") = "WarApi.ConstantValues", "WarApi.ConstantValues\WarApi.ConstantValues.csproj", "{9110F698-004E-45F7-8211-FDC9B90A7E38}"
EndProject
Project("{FAE04EC0-301F-11D3-BF4B-00C04F79EFBC}") = "WarApi.Common", "WarApi.Common\WarApi.Common.csproj", "{65637275-4002-420D-8870-D4BC0A9150A6}"
EndProject
Project("{FAE04EC0-301F-11D3-BF4B-00C04F79EFBC}") = "WarApi.WoWPCSharpDriver", "WarApi.WoWPCSharpDriver\WarApi.WoWPCSharpDriver.csproj", "{E69C936E-5156-4102-AC89-3B179007C735}"
EndProject
Project("{FAE04EC0-301F-11D3-BF4B-00C04F79EFBC}") = "WarApi.WoWSCSharpDriver", "WarApi.WoWSCSharpDriver\WarApi.WoWSCSharpDriver.csproj", "{DEDCA29F-0665-42E6-A99F-E4A85409C7C0}"
EndProject
Project("{FAE04EC0-301F-11D3-BF4B-00C04F79EFBC}") = "WarApi.CodeGenerator", "WarApi.CodeGenerator\WarApi.CodeGenerator.csproj", "{9B97BB30-F6BB-4E31-8B98-029FC20CD9C3}"
EndProject
Project("{2150E333-8FDC-42A3-9474-1A3956D46DE8}") = "Tests", "Tests", "{D6EA4AB5-E37F-436A-BE42-9B3AA2BBD0E0}"
EndProject
Project("{2150E333-8FDC-42A3-9474-1A3956D46DE8}") = "Tools", "Tools", "{D61E08F3-CFFE-434F-A549-48F525724991}"
EndProject
Global
	GlobalSection(SolutionConfigurationPlatforms) = preSolution
		Debug|Any CPU = Debug|Any CPU
		Release|Any CPU = Release|Any CPU
	EndGlobalSection
	GlobalSection(ProjectConfigurationPlatforms) = postSolution
		{50848325-2973-4AC3-82AA-B47215E0C466}.Debug|Any CPU.ActiveCfg = Debug|Any CPU
		{50848325-2973-4AC3-82AA-B47215E0C466}.Debug|Any CPU.Build.0 = Debug|Any CPU
		{50848325-2973-4AC3-82AA-B47215E0C466}.Release|Any CPU.ActiveCfg = Release|Any CPU
		{50848325-2973-4AC3-82AA-B47215E0C466}.Release|Any CPU.Build.0 = Release|Any CPU
		{DF16F4BB-6B77-41C3-A236-19CC0ED9D8BA}.Debug|Any CPU.ActiveCfg = Debug|Any CPU
		{DF16F4BB-6B77-41C3-A236-19CC0ED9D8BA}.Debug|Any CPU.Build.0 = Debug|Any CPU
		{DF16F4BB-6B77-41C3-A236-19CC0ED9D8BA}.Release|Any CPU.ActiveCfg = Release|Any CPU
		{DF16F4BB-6B77-41C3-A236-19CC0ED9D8BA}.Release|Any CPU.Build.0 = Release|Any CPU
		{9A4FFB87-B8D2-467E-9FC7-CF86F34BC3F6}.Debug|Any CPU.ActiveCfg = Debug|Any CPU
		{9A4FFB87-B8D2-467E-9FC7-CF86F34BC3F6}.Debug|Any CPU.Build.0 = Debug|Any CPU
		{9A4FFB87-B8D2-467E-9FC7-CF86F34BC3F6}.Release|Any CPU.ActiveCfg = Release|Any CPU
		{9A4FFB87-B8D2-467E-9FC7-CF86F34BC3F6}.Release|Any CPU.Build.0 = Release|Any CPU
		{9110F698-004E-45F7-8211-FDC9B90A7E38}.Debug|Any CPU.ActiveCfg = Debug|Any CPU
		{9110F698-004E-45F7-8211-FDC9B90A7E38}.Debug|Any CPU.Build.0 = Debug|Any CPU
		{9110F698-004E-45F7-8211-FDC9B90A7E38}.Release|Any CPU.ActiveCfg = Release|Any CPU
		{9110F698-004E-45F7-8211-FDC9B90A7E38}.Release|Any CPU.Build.0 = Release|Any CPU
		{65637275-4002-420D-8870-D4BC0A9150A6}.Debug|Any CPU.ActiveCfg = Debug|Any CPU
		{65637275-4002-420D-8870-D4BC0A9150A6}.Debug|Any CPU.Build.0 = Debug|Any CPU
		{65637275-4002-420D-8870-D4BC0A9150A6}.Release|Any CPU.ActiveCfg = Release|Any CPU
		{65637275-4002-420D-8870-D4BC0A9150A6}.Release|Any CPU.Build.0 = Release|Any CPU
		{E69C936E-5156-4102-AC89-3B179007C735}.Debug|Any CPU.ActiveCfg = Debug|Any CPU
		{E69C936E-5156-4102-AC89-3B179007C735}.Debug|Any CPU.Build.0 = Debug|Any CPU
		{E69C936E-5156-4102-AC89-3B179007C735}.Release|Any CPU.ActiveCfg = Release|Any CPU
		{E69C936E-5156-4102-AC89-3B179007C735}.Release|Any CPU.Build.0 = Release|Any CPU
		{DEDCA29F-0665-42E6-A99F-E4A85409C7C0}.Debug|Any CPU.ActiveCfg = Debug|Any CPU
		{DEDCA29F-0665-42E6-A99F-E4A85409C7C0}.Debug|Any CPU.Build.0 = Debug|Any CPU
		{DEDCA29F-0665-42E6-A99F-E4A85409C7C0}.Release|Any CPU.ActiveCfg = Release|Any CPU
		{DEDCA29F-0665-42E6-A99F-E4A85409C7C0}.Release|Any CPU.Build.0 = Release|Any CPU
		{9B97BB30-F6BB-4E31-8B98-029FC20CD9C3}.Debug|Any CPU.ActiveCfg = Debug|Any CPU
		{9B97BB30-F6BB-4E31-8B98-029FC20CD9C3}.Debug|Any CPU.Build.0 = Debug|Any CPU
		{9B97BB30-F6BB-4E31-8B98-029FC20CD9C3}.Release|Any CPU.ActiveCfg = Release|Any CPU
		{9B97BB30-F6BB-4E31-8B98-029FC20CD9C3}.Release|Any CPU.Build.0 = Release|Any CPU
	EndGlobalSection
	GlobalSection(SolutionProperties) = preSolution
		HideSolutionNode = FALSE
	EndGlobalSection
	GlobalSection(NestedProjects) = preSolution
		{DF16F4BB-6B77-41C3-A236-19CC0ED9D8BA} = {D6EA4AB5-E37F-436A-BE42-9B3AA2BBD0E0}
		{9B97BB30-F6BB-4E31-8B98-029FC20CD9C3} = {D61E08F3-CFFE-434F-A549-48F525724991}
	EndGlobalSection
EndGlobal
